# This file is automatically @generated by Cargo.
# It is not intended for manual editing.
version = 4

[[package]]
name = "itgo"
version = "0.1.0"
dependencies = [
 "multiptr",
]

[[package]]
name = "multiptr"
version = "0.1.0"
source = "registry+https://github.com/rust-lang/crates.io-index"
checksum = "94005a7eb7498e9c6e8583a66c6747f5e7aaea3ec6e753a2270eca3d9c173208"
