# This file is automatically @generated by Cargo.
# It is not intended for manual editing.
version = 4

[[package]]
name = "itgo"
version = "0.1.0"
dependencies = [
 "multiptr",
]

[[package]]
name = "multiptr"
version = "0.2.0"
source = "registry+https://github.com/rust-lang/crates.io-index"
checksum = "3b10b57d0f682380589a4159d5c8c5bd4a9817a4ba3c26ff50cd0243f7741916"
